{
  "name": "qtbirds",
  "version": "0.0.1",
  "lockfileVersion": 2,
  "requires": true,
  "packages": {
    "": {
      "name": "qtbirds",
      "version": "0.0.1",
      "license": "Apache",
      "dependencies": {
        "fasta2json": "^0.1.1",
        "webppl-json": "^0.0.1"
      }
    },
    "node_modules/fasta2json": {
      "version": "0.1.1",
      "resolved": "https://registry.npmjs.org/fasta2json/-/fasta2json-0.1.1.tgz",
      "integrity": "sha512-nVn1F6sDDaGXPdKxtUEzrNyhV2H9k3QmGEVbSU7AIlf4nTQu0ZzSkD3iyj3hB0i9SZ/pUHyJdbrj3XF7p8KoUw==",
      "deprecated": "Package no longer supported. Contact Support at https://www.npmjs.com/support for more info."
    },
    "node_modules/webppl-json": {
      "version": "0.0.1",
      "resolved": "https://registry.npmjs.org/webppl-json/-/webppl-json-0.0.1.tgz",
      "integrity": "sha512-vh00cbDkg6+QWQCAPbZh6KzzdhDBzymUvK2FdiU2WGtz9LaQsg/XYDp5Tli4UhQLi/fDjigWyzBVKcgY+AQCbg=="
    }
  },
  "dependencies": {
    "fasta2json": {
      "version": "0.1.1",
      "resolved": "https://registry.npmjs.org/fasta2json/-/fasta2json-0.1.1.tgz",
      "integrity": "sha512-nVn1F6sDDaGXPdKxtUEzrNyhV2H9k3QmGEVbSU7AIlf4nTQu0ZzSkD3iyj3hB0i9SZ/pUHyJdbrj3XF7p8KoUw=="
    },
    "webppl-json": {
      "version": "0.0.1",
      "resolved": "https://registry.npmjs.org/webppl-json/-/webppl-json-0.0.1.tgz",
      "integrity": "sha512-vh00cbDkg6+QWQCAPbZh6KzzdhDBzymUvK2FdiU2WGtz9LaQsg/XYDp5Tli4UhQLi/fDjigWyzBVKcgY+AQCbg=="
    }
  }
}
